// !$*UTF8*$!
{
	archiveVersion = 1;
	classes = {
	};
	objectVersion = 55;
	objects = {

/* Begin PBXBuildFile section */
		2AB6BB74287E9466001AED4C /* AppDelegate.swift in Sources */ = {isa = PBXBuildFile; fileRef = 2AB6BB73287E9466001AED4C /* AppDelegate.swift */; };
		2AB6BB76287E9466001AED4C /* SceneDelegate.swift in Sources */ = {isa = PBXBuildFile; fileRef = 2AB6BB75287E9466001AED4C /* SceneDelegate.swift */; };
		2AB6BB78287E9466001AED4C /* ViewController.swift in Sources */ = {isa = PBXBuildFile; fileRef = 2AB6BB77287E9466001AED4C /* ViewController.swift */; };
		2AB6BB7B287E9466001AED4C /* Main.storyboard in Resources */ = {isa = PBXBuildFile; fileRef = 2AB6BB79287E9466001AED4C /* Main.storyboard */; };
		2AB6BB7D287E9476001AED4C /* Assets.xcassets in Resources */ = {isa = PBXBuildFile; fileRef = 2AB6BB7C287E9476001AED4C /* Assets.xcassets */; };
		2AB6BB80287E9476001AED4C /* LaunchScreen.storyboard in Resources */ = {isa = PBXBuildFile; fileRef = 2AB6BB7E287E9476001AED4C /* LaunchScreen.storyboard */; };
		2ACD24F5287E9B49005F4FD4 /* AppState.swift in Sources */ = {isa = PBXBuildFile; fileRef = 2ACD24F4287E9B49005F4FD4 /* AppState.swift */; };
		2ACD24F9287E9B65005F4FD4 /* Action.swift in Sources */ = {isa = PBXBuildFile; fileRef = 2ACD24F8287E9B65005F4FD4 /* Action.swift */; };
		2ACD24FB287E9B6E005F4FD4 /* Reducer.swift in Sources */ = {isa = PBXBuildFile; fileRef = 2ACD24FA287E9B6E005F4FD4 /* Reducer.swift */; };
		8EE572A16A38F70905BE64C5 /* Pods_ReduxCounter.framework in Frameworks */ = {isa = PBXBuildFile; fileRef = 9CDF540E44FE0EEBFF993396 /* Pods_ReduxCounter.framework */; };
/* End PBXBuildFile section */

/* Begin PBXFileReference section */
		2AB6BB70287E9466001AED4C /* ReduxCounter.app */ = {isa = PBXFileReference; explicitFileType = wrapper.application; includeInIndex = 0; path = ReduxCounter.app; sourceTree = BUILT_PRODUCTS_DIR; };
		2AB6BB73287E9466001AED4C /* AppDelegate.swift */ = {isa = PBXFileReference; lastKnownFileType = sourcecode.swift; path = AppDelegate.swift; sourceTree = "<group>"; };
		2AB6BB75287E9466001AED4C /* SceneDelegate.swift */ = {isa = PBXFileReference; lastKnownFileType = sourcecode.swift; path = SceneDelegate.swift; sourceTree = "<group>"; };
		2AB6BB77287E9466001AED4C /* ViewController.swift */ = {isa = PBXFileReference; lastKnownFileType = sourcecode.swift; path = ViewController.swift; sourceTree = "<group>"; };
		2AB6BB7A287E9466001AED4C /* Base */ = {isa = PBXFileReference; lastKnownFileType = file.storyboard; name = Base; path = Base.lproj/Main.storyboard; sourceTree = "<group>"; };
		2AB6BB7C287E9476001AED4C /* Assets.xcassets */ = {isa = PBXFileReference; lastKnownFileType = folder.assetcatalog; path = Assets.xcassets; sourceTree = "<group>"; };
		2AB6BB7F287E9476001AED4C /* Base */ = {isa = PBXFileReference; lastKnownFileType = file.storyboard; name = Base; path = Base.lproj/LaunchScreen.storyboard; sourceTree = "<group>"; };
		2AB6BB81287E9476001AED4C /* Info.plist */ = {isa = PBXFileReference; lastKnownFileType = text.plist.xml; path = Info.plist; sourceTree = "<group>"; };
		2ACD24F4287E9B49005F4FD4 /* AppState.swift */ = {isa = PBXFileReference; lastKnownFileType = sourcecode.swift; path = AppState.swift; sourceTree = "<group>"; };
		2ACD24F8287E9B65005F4FD4 /* Action.swift */ = {isa = PBXFileReference; lastKnownFileType = sourcecode.swift; path = Action.swift; sourceTree = "<group>"; };
		2ACD24FA287E9B6E005F4FD4 /* Reducer.swift */ = {isa = PBXFileReference; lastKnownFileType = sourcecode.swift; path = Reducer.swift; sourceTree = "<group>"; };
		47C80380F51B5551CD8BD247 /* Pods-ReduxCounter.release.xcconfig */ = {isa = PBXFileReference; includeInIndex = 1; lastKnownFileType = text.xcconfig; name = "Pods-ReduxCounter.release.xcconfig"; path = "Target Support Files/Pods-ReduxCounter/Pods-ReduxCounter.release.xcconfig"; sourceTree = "<group>"; };
		95FB241D9046FD4FC8BE2FD3 /* Pods-ReduxCounter.debug.xcconfig */ = {isa = PBXFileReference; includeInIndex = 1; lastKnownFileType = text.xcconfig; name = "Pods-ReduxCounter.debug.xcconfig"; path = "Target Support Files/Pods-ReduxCounter/Pods-ReduxCounter.debug.xcconfig"; sourceTree = "<group>"; };
		9CDF540E44FE0EEBFF993396 /* Pods_ReduxCounter.framework */ = {isa = PBXFileReference; explicitFileType = wrapper.framework; includeInIndex = 0; path = Pods_ReduxCounter.framework; sourceTree = BUILT_PRODUCTS_DIR; };
/* End PBXFileReference section */

/* Begin PBXFrameworksBuildPhase section */
		2AB6BB6D287E9466001AED4C /* Frameworks */ = {
			isa = PBXFrameworksBuildPhase;
			buildActionMask = 2147483647;
			files = (
				8EE572A16A38F70905BE64C5 /* Pods_ReduxCounter.framework in Frameworks */,
			);
			runOnlyForDeploymentPostprocessing = 0;
		};
/* End PBXFrameworksBuildPhase section */

/* Begin PBXGroup section */
		2AB6BB67287E9466001AED4C = {
			isa = PBXGroup;
			children = (
				2AB6BB72287E9466001AED4C /* ReduxCounter */,
				2AB6BB71287E9466001AED4C /* Products */,
				51C5D76FB1FD5397E92A8B7F /* Pods */,
				7141ED6DE328BB52F5F2B4F0 /* Frameworks */,
			);
			sourceTree = "<group>";
		};
		2AB6BB71287E9466001AED4C /* Products */ = {
			isa = PBXGroup;
			children = (
				2AB6BB70287E9466001AED4C /* ReduxCounter.app */,
			);
			name = Products;
			sourceTree = "<group>";
		};
		2AB6BB72287E9466001AED4C /* ReduxCounter */ = {
			isa = PBXGroup;
			children = (
				2ACD24F3287E9B30005F4FD4 /* Redux */,
				2AB6BB73287E9466001AED4C /* AppDelegate.swift */,
				2AB6BB75287E9466001AED4C /* SceneDelegate.swift */,
				2AB6BB77287E9466001AED4C /* ViewController.swift */,
				2AB6BB79287E9466001AED4C /* Main.storyboard */,
				2AB6BB7C287E9476001AED4C /* Assets.xcassets */,
				2AB6BB7E287E9476001AED4C /* LaunchScreen.storyboard */,
				2AB6BB81287E9476001AED4C /* Info.plist */,
			);
			path = ReduxCounter;
			sourceTree = "<group>";
		};
		2ACD24F3287E9B30005F4FD4 /* Redux */ = {
			isa = PBXGroup;
			children = (
				2ACD24F4287E9B49005F4FD4 /* AppState.swift */,
				2ACD24F8287E9B65005F4FD4 /* Action.swift */,
				2ACD24FA287E9B6E005F4FD4 /* Reducer.swift */,
			);
			path = Redux;
			sourceTree = "<group>";
		};
		51C5D76FB1FD5397E92A8B7F /* Pods */ = {
			isa = PBXGroup;
			children = (
				95FB241D9046FD4FC8BE2FD3 /* Pods-ReduxCounter.debug.xcconfig */,
				47C80380F51B5551CD8BD247 /* Pods-ReduxCounter.release.xcconfig */,
			);
			path = Pods;
			sourceTree = "<group>";
		};
		7141ED6DE328BB52F5F2B4F0 /* Frameworks */ = {
			isa = PBXGroup;
			children = (
				9CDF540E44FE0EEBFF993396 /* Pods_ReduxCounter.framework */,
			);
			name = Frameworks;
			sourceTree = "<group>";
		};
/* End PBXGroup section */

/* Begin PBXNativeTarget section */
		2AB6BB6F287E9466001AED4C /* ReduxCounter */ = {
			isa = PBXNativeTarget;
			buildConfigurationList = 2AB6BB84287E9476001AED4C /* Build configuration list for PBXNativeTarget "ReduxCounter" */;
			buildPhases = (
				E6CDC1EF1467EAFD25960F08 /* [CP] Check Pods Manifest.lock */,
				2AB6BB6C287E9466001AED4C /* Sources */,
				2AB6BB6D287E9466001AED4C /* Frameworks */,
				2AB6BB6E287E9466001AED4C /* Resources */,
				4F60F8D9FE6B69D2258C593C /* [CP] Embed Pods Frameworks */,
			);
			buildRules = (
			);
			dependencies = (
			);
			name = ReduxCounter;
			productName = ReduxCounter;
			productReference = 2AB6BB70287E9466001AED4C /* ReduxCounter.app */;
			productType = "com.apple.product-type.application";
		};
/* End PBXNativeTarget section */

/* Begin PBXProject section */
		2AB6BB68287E9466001AED4C /* Project object */ = {
			isa = PBXProject;
			attributes = {
				BuildIndependentTargetsInParallel = 1;
				LastSwiftUpdateCheck = 1300;
				LastUpgradeCheck = 1300;
				TargetAttributes = {
					2AB6BB6F287E9466001AED4C = {
						CreatedOnToolsVersion = 13.0;
					};
				};
			};
			buildConfigurationList = 2AB6BB6B287E9466001AED4C /* Build configuration list for PBXProject "ReduxCounter" */;
			compatibilityVersion = "Xcode 13.0";
			developmentRegion = en;
			hasScannedForEncodings = 0;
			knownRegions = (
				en,
				Base,
			);
			mainGroup = 2AB6BB67287E9466001AED4C;
			productRefGroup = 2AB6BB71287E9466001AED4C /* Products */;
			projectDirPath = "";
			projectRoot = "";
			targets = (
				2AB6BB6F287E9466001AED4C /* ReduxCounter */,
			);
		};
/* End PBXProject section */

/* Begin PBXResourcesBuildPhase section */
		2AB6BB6E287E9466001AED4C /* Resources */ = {
			isa = PBXResourcesBuildPhase;
			buildActionMask = 2147483647;
			files = (
				2AB6BB80287E9476001AED4C /* LaunchScreen.storyboard in Resources */,
				2AB6BB7D287E9476001AED4C /* Assets.xcassets in Resources */,
				2AB6BB7B287E9466001AED4C /* Main.storyboard in Resources */,
			);
			runOnlyForDeploymentPostprocessing = 0;
		};
/* End PBXResourcesBuildPhase section */

/* Begin PBXShellScriptBuildPhase section */
		4F60F8D9FE6B69D2258C593C /* [CP] Embed Pods Frameworks */ = {
			isa = PBXShellScriptBuildPhase;
			buildActionMask = 2147483647;
			files = (
			);
			inputFileListPaths = (
				"${PODS_ROOT}/Target Support Files/Pods-ReduxCounter/Pods-ReduxCounter-frameworks-${CONFIGURATION}-input-files.xcfilelist",
			);
			name = "[CP] Embed Pods Frameworks";
			outputFileListPaths = (
				"${PODS_ROOT}/Target Support Files/Pods-ReduxCounter/Pods-ReduxCounter-frameworks-${CONFIGURATION}-output-files.xcfilelist",
			);
			runOnlyForDeploymentPostprocessing = 0;
			shellPath = /bin/sh;
			shellScript = "\"${PODS_ROOT}/Target Support Files/Pods-ReduxCounter/Pods-ReduxCounter-frameworks.sh\"\n";
			showEnvVarsInLog = 0;
		};
		E6CDC1EF1467EAFD25960F08 /* [CP] Check Pods Manifest.lock */ = {
			isa = PBXShellScriptBuildPhase;
			buildActionMask = 2147483647;
			files = (
			);
			inputFileListPaths = (
			);
			inputPaths = (
				"${PODS_PODFILE_DIR_PATH}/Podfile.lock",
				"${PODS_ROOT}/Manifest.lock",
			);
			name = "[CP] Check Pods Manifest.lock";
			outputFileListPaths = (
			);
			outputPaths = (
				"$(DERIVED_FILE_DIR)/Pods-ReduxCounter-checkManifestLockResult.txt",
			);
			runOnlyForDeploymentPostprocessing = 0;
			shellPath = /bin/sh;
			shellScript = "diff \"${PODS_PODFILE_DIR_PATH}/Podfile.lock\" \"${PODS_ROOT}/Manifest.lock\" > /dev/null\nif [ $? != 0 ] ; then\n    # print error to STDERR\n    echo \"error: The sandbox is not in sync with the Podfile.lock. Run 'pod install' or update your CocoaPods installation.\" >&2\n    exit 1\nfi\n# This output is used by Xcode 'outputs' to avoid re-running this script phase.\necho \"SUCCESS\" > \"${SCRIPT_OUTPUT_FILE_0}\"\n";
			showEnvVarsInLog = 0;
		};
/* End PBXShellScriptBuildPhase section */

/* Begin PBXSourcesBuildPhase section */
		2AB6BB6C287E9466001AED4C /* Sources */ = {
			isa = PBXSourcesBuildPhase;
			buildActionMask = 2147483647;
			files = (
				2ACD24F9287E9B65005F4FD4 /* Action.swift in Sources */,
				2AB6BB78287E9466001AED4C /* ViewController.swift in Sources */,
				2AB6BB74287E9466001AED4C /* AppDelegate.swift in Sources */,
				2ACD24FB287E9B6E005F4FD4 /* Reducer.swift in Sources */,
				2AB6BB76287E9466001AED4C /* SceneDelegate.swift in Sources */,
				2ACD24F5287E9B49005F4FD4 /* AppState.swift in Sources */,
			);
			runOnlyForDeploymentPostprocessing = 0;
		};
/* End PBXSourcesBuildPhase section */

/* Begin PBXVariantGroup section */
		2AB6BB79287E9466001AED4C /* Main.storyboard */ = {
			isa = PBXVariantGroup;
			children = (
				2AB6BB7A287E9466001AED4C /* Base */,
			);
			name = Main.storyboard;
			sourceTree = "<group>";
		};
		2AB6BB7E287E9476001AED4C /* LaunchScreen.storyboard */ = {
			isa = PBXVariantGroup;
			children = (
				2AB6BB7F287E9476001AED4C /* Base */,
			);
			name = LaunchScreen.storyboard;
			sourceTree = "<group>";
		};
/* End PBXVariantGroup section */

/* Begin XCBuildConfiguration section */
		2AB6BB82287E9476001AED4C /* Debug */ = {
			isa = XCBuildConfiguration;
			buildSettings = {
				ALWAYS_SEARCH_USER_PATHS = NO;
				CLANG_ANALYZER_NONNULL = YES;
				CLANG_ANALYZER_NUMBER_OBJECT_CONVERSION = YES_AGGRESSIVE;
				CLANG_CXX_LANGUAGE_STANDARD = "gnu++17";
				CLANG_CXX_LIBRARY = "libc++";
				CLANG_ENABLE_MODULES = YES;
				CLANG_ENABLE_OBJC_ARC = YES;
				CLANG_ENABLE_OBJC_WEAK = YES;
				CLANG_WARN_BLOCK_CAPTURE_AUTORELEASING = YES;
				CLANG_WARN_BOOL_CONVERSION = YES;
				CLANG_WARN_COMMA = YES;
				CLANG_WARN_CONSTANT_CONVERSION = YES;
				CLANG_WARN_DEPRECATED_OBJC_IMPLEMENTATIONS = YES;
				CLANG_WARN_DIRECT_OBJC_ISA_USAGE = YES_ERROR;
				CLANG_WARN_DOCUMENTATION_COMMENTS = YES;
				CLANG_WARN_EMPTY_BODY = YES;
				CLANG_WARN_ENUM_CONVERSION = YES;
				CLANG_WARN_INFINITE_RECURSION = YES;
				CLANG_WARN_INT_CONVERSION = YES;
				CLANG_WARN_NON_LITERAL_NULL_CONVERSION = YES;
				CLANG_WARN_OBJC_IMPLICIT_RETAIN_SELF = YES;
				CLANG_WARN_OBJC_LITERAL_CONVERSION = YES;
				CLANG_WARN_OBJC_ROOT_CLASS = YES_ERROR;
				CLANG_WARN_QUOTED_INCLUDE_IN_FRAMEWORK_HEADER = YES;
				CLANG_WARN_RANGE_LOOP_ANALYSIS = YES;
				CLANG_WARN_STRICT_PROTOTYPES = YES;
				CLANG_WARN_SUSPICIOUS_MOVE = YES;
				CLANG_WARN_UNGUARDED_AVAILABILITY = YES_AGGRESSIVE;
				CLANG_WARN_UNREACHABLE_CODE = YES;
				CLANG_WARN__DUPLICATE_METHOD_MATCH = YES;
				COPY_PHASE_STRIP = NO;
				DEBUG_INFORMATION_FORMAT = dwarf;
				ENABLE_STRICT_OBJC_MSGSEND = YES;
				ENABLE_TESTABILITY = YES;
				GCC_C_LANGUAGE_STANDARD = gnu11;
				GCC_DYNAMIC_NO_PIC = NO;
				GCC_NO_COMMON_BLOCKS = YES;
				GCC_OPTIMIZATION_LEVEL = 0;
				GCC_PREPROCESSOR_DEFINITIONS = (
					"DEBUG=1",
					"$(inherited)",
				);
				GCC_WARN_64_TO_32_BIT_CONVERSION = YES;
				GCC_WARN_ABOUT_RETURN_TYPE = YES_ERROR;
				GCC_WARN_UNDECLARED_SELECTOR = YES;
				GCC_WARN_UNINITIALIZED_AUTOS = YES_AGGRESSIVE;
				GCC_WARN_UNUSED_FUNCTION = YES;
				GCC_WARN_UNUSED_VARIABLE = YES;
				IPHONEOS_DEPLOYMENT_TARGET = 15.0;
				MTL_ENABLE_DEBUG_INFO = INCLUDE_SOURCE;
				MTL_FAST_MATH = YES;
				ONLY_ACTIVE_ARCH = YES;
				SDKROOT = iphoneos;
				SWIFT_ACTIVE_COMPILATION_CONDITIONS = DEBUG;
				SWIFT_OPTIMIZATION_LEVEL = "-Onone";
			};
			name = Debug;
		};
		2AB6BB83287E9476001AED4C /* Release */ = {
			isa = XCBuildConfiguration;
			buildSettings = {
				ALWAYS_SEARCH_USER_PATHS = NO;
				CLANG_ANALYZER_NONNULL = YES;
				CLANG_ANALYZER_NUMBER_OBJECT_CONVERSION = YES_AGGRESSIVE;
				CLANG_CXX_LANGUAGE_STANDARD = "gnu++17";
				CLANG_CXX_LIBRARY = "libc++";
				CLANG_ENABLE_MODULES = YES;
				CLANG_ENABLE_OBJC_ARC = YES;
				CLANG_ENABLE_OBJC_WEAK = YES;
				CLANG_WARN_BLOCK_CAPTURE_AUTORELEASING = YES;
				CLANG_WARN_BOOL_CONVERSION = YES;
				CLANG_WARN_COMMA = YES;
				CLANG_WARN_CONSTANT_CONVERSION = YES;
				CLANG_WARN_DEPRECATED_OBJC_IMPLEMENTATIONS = YES;
				CLANG_WARN_DIRECT_OBJC_ISA_USAGE = YES_ERROR;
				CLANG_WARN_DOCUMENTATION_COMMENTS = YES;
				CLANG_WARN_EMPTY_BODY = YES;
				CLANG_WARN_ENUM_CONVERSION = YES;
				CLANG_WARN_INFINITE_RECURSION = YES;
				CLANG_WARN_INT_CONVERSION = YES;
				CLANG_WARN_NON_LITERAL_NULL_CONVERSION = YES;
				CLANG_WARN_OBJC_IMPLICIT_RETAIN_SELF = YES;
				CLANG_WARN_OBJC_LITERAL_CONVERSION = YES;
				CLANG_WARN_OBJC_ROOT_CLASS = YES_ERROR;
				CLANG_WARN_QUOTED_INCLUDE_IN_FRAMEWORK_HEADER = YES;
				CLANG_WARN_RANGE_LOOP_ANALYSIS = YES;
				CLANG_WARN_STRICT_PROTOTYPES = YES;
				CLANG_WARN_SUSPICIOUS_MOVE = YES;
				CLANG_WARN_UNGUARDED_AVAILABILITY = YES_AGGRESSIVE;
				CLANG_WARN_UNREACHABLE_CODE = YES;
				CLANG_WARN__DUPLICATE_METHOD_MATCH = YES;
				COPY_PHASE_STRIP = NO;
				DEBUG_INFORMATION_FORMAT = "dwarf-with-dsym";
				ENABLE_NS_ASSERTIONS = NO;
				ENABLE_STRICT_OBJC_MSGSEND = YES;
				GCC_C_LANGUAGE_STANDARD = gnu11;
				GCC_NO_COMMON_BLOCKS = YES;
				GCC_WARN_64_TO_32_BIT_CONVERSION = YES;
				GCC_WARN_ABOUT_RETURN_TYPE = YES_ERROR;
				GCC_WARN_UNDECLARED_SELECTOR = YES;
				GCC_WARN_UNINITIALIZED_AUTOS = YES_AGGRESSIVE;
				GCC_WARN_UNUSED_FUNCTION = YES;
				GCC_WARN_UNUSED_VARIABLE = YES;
				IPHONEOS_DEPLOYMENT_TARGET = 15.0;
				MTL_ENABLE_DEBUG_INFO = NO;
				MTL_FAST_MATH = YES;
				SDKROOT = iphoneos;
				SWIFT_COMPILATION_MODE = wholemodule;
				SWIFT_OPTIMIZATION_LEVEL = "-O";
				VALIDATE_PRODUCT = YES;
			};
			name = Release;
		};
		2AB6BB85287E9476001AED4C /* Debug */ = {
			isa = XCBuildConfiguration;
			baseConfigurationReference = 95FB241D9046FD4FC8BE2FD3 /* Pods-ReduxCounter.debug.xcconfig */;
			buildSettings = {
				ASSETCATALOG_COMPILER_APPICON_NAME = AppIcon;
				ASSETCATALOG_COMPILER_GLOBAL_ACCENT_COLOR_NAME = AccentColor;
				CODE_SIGN_STYLE = Automatic;
				CURRENT_PROJECT_VERSION = 1;
				GENERATE_INFOPLIST_FILE = YES;
				INFOPLIST_FILE = ReduxCounter/Info.plist;
				INFOPLIST_KEY_UIApplicationSupportsIndirectInputEvents = YES;
				INFOPLIST_KEY_UILaunchStoryboardName = LaunchScreen;
				INFOPLIST_KEY_UIMainStoryboardFile = Main;
				INFOPLIST_KEY_UISupportedInterfaceOrientations_iPad = "UIInterfaceOrientationPortrait UIInterfaceOrientationPortraitUpsideDown UIInterfaceOrientationLandscapeLeft UIInterfaceOrientationLandscapeRight";
				INFOPLIST_KEY_UISupportedInterfaceOrientations_iPhone = "UIInterfaceOrientationPortrait UIInterfaceOrientationLandscapeLeft UIInterfaceOrientationLandscapeRight";
				LD_RUNPATH_SEARCH_PATHS = (
					"$(inherited)",
					"@executable_path/Frameworks",
				);
				MARKETING_VERSION = 1.0;
				PRODUCT_BUNDLE_IDENTIFIER = JigneshMaradiya.ReduxCounter;
				PRODUCT_NAME = "$(TARGET_NAME)";
				SWIFT_EMIT_LOC_STRINGS = YES;
				SWIFT_VERSION = 5.0;
				TARGETED_DEVICE_FAMILY = 1;
			};
			name = Debug;
		};
		2AB6BB86287E9476001AED4C /* Release */ = {
			isa = XCBuildConfiguration;
			baseConfigurationReference = 47C80380F51B5551CD8BD247 /* Pods-ReduxCounter.release.xcconfig */;
			buildSettings = {
				ASSETCATALOG_COMPILER_APPICON_NAME = AppIcon;
				ASSETCATALOG_COMPILER_GLOBAL_ACCENT_COLOR_NAME = AccentColor;
				CODE_SIGN_STYLE = Automatic;
				CURRENT_PROJECT_VERSION = 1;
				GENERATE_INFOPLIST_FILE = YES;
				INFOPLIST_FILE = ReduxCounter/Info.plist;
				INFOPLIST_KEY_UIApplicationSupportsIndirectInputEvents = YES;
				INFOPLIST_KEY_UILaunchStoryboardName = LaunchScreen;
				INFOPLIST_KEY_UIMainStoryboardFile = Main;
				INFOPLIST_KEY_UISupportedInterfaceOrientations_iPad = "UIInterfaceOrientationPortrait UIInterfaceOrientationPortraitUpsideDown UIInterfaceOrientationLandscapeLeft UIInterfaceOrientationLandscapeRight";
				INFOPLIST_KEY_UISupportedInterfaceOrientations_iPhone = "UIInterfaceOrientationPortrait UIInterfaceOrientationLandscapeLeft UIInterfaceOrientationLandscapeRight";
				LD_RUNPATH_SEARCH_PATHS = (
					"$(inherited)",
					"@executable_path/Frameworks",
				);
				MARKETING_VERSION = 1.0;
				PRODUCT_BUNDLE_IDENTIFIER = JigneshMaradiya.ReduxCounter;
				PRODUCT_NAME = "$(TARGET_NAME)";
				SWIFT_EMIT_LOC_STRINGS = YES;
				SWIFT_VERSION = 5.0;
				TARGETED_DEVICE_FAMILY = 1;
			};
			name = Release;
		};
/* End XCBuildConfiguration section */

/* Begin XCConfigurationList section */
		2AB6BB6B287E9466001AED4C /* Build configuration list for PBXProject "ReduxCounter" */ = {
			isa = XCConfigurationList;
			buildConfigurations = (
				2AB6BB82287E9476001AED4C /* Debug */,
				2AB6BB83287E9476001AED4C /* Release */,
			);
			defaultConfigurationIsVisible = 0;
			defaultConfigurationName = Release;
		};
		2AB6BB84287E9476001AED4C /* Build configuration list for PBXNativeTarget "ReduxCounter" */ = {
			isa = XCConfigurationList;
			buildConfigurations = (
				2AB6BB85287E9476001AED4C /* Debug */,
				2AB6BB86287E9476001AED4C /* Release */,
			);
			defaultConfigurationIsVisible = 0;
			defaultConfigurationName = Release;
		};
/* End XCConfigurationList section */
	};
	rootObject = 2AB6BB68287E9466001AED4C /* Project object */;
}
